
Microsoft Visual Studio Solution File, Format Version 12.00
# Visual Studio Version 16
VisualStudioVersion = 16.0.28729.10
MinimumVisualStudioVersion = 10.0.40219.1
Project("{9A19103F-16F7-4668-BE54-9A1E7A4F7556}") = "Service", "Service\Service.csproj", "{5B092CFB-C27B-4670-A778-2934C6E3162A}"
EndProject
Project("{9A19103F-16F7-4668-BE54-9A1E7A4F7556}") = "Driver", "Driver\Driver.csproj", "{F9B0A681-9C7B-430B-840E-3D2B9882DC48}"
EndProject
Project("{9A19103F-16F7-4668-BE54-9A1E7A4F7556}") = "Driver-Autofact", "Driver-Autofact\Driver-Autofact.csproj", "{514296FA-4083-496F-909E-59275E7EF967}"
EndProject
Project("{FAE04EC0-301F-11D3-BF4B-00C04F79EFBC}") = "Driver-StructureMap", "Driver-StructureMap\Driver-StructureMap.csproj", "{B7939BD2-0DD4-49E2-902B-B3DC8F9CFF59}"
EndProject
Project("{FAE04EC0-301F-11D3-BF4B-00C04F79EFBC}") = "Driver-Ninject", "Driver-Ninject\Driver-Ninject.csproj", "{27C1BCE1-CA16-417E-A8B0-57408EF854F6}"
EndProject
Project("{FAE04EC0-301F-11D3-BF4B-00C04F79EFBC}") = "Driver-CastleWindsor", "Driver-CastleWindsor\Driver-CastleWindsor.csproj", "{FD2FC2E8-32FC-45FF-A052-446C10A731CC}"
EndProject
Global
	GlobalSection(SolutionConfigurationPlatforms) = preSolution
		Debug|Any CPU = Debug|Any CPU
		Release|Any CPU = Release|Any CPU
	EndGlobalSection
	GlobalSection(ProjectConfigurationPlatforms) = postSolution
		{5B092CFB-C27B-4670-A778-2934C6E3162A}.Debug|Any CPU.ActiveCfg = Debug|Any CPU
		{5B092CFB-C27B-4670-A778-2934C6E3162A}.Debug|Any CPU.Build.0 = Debug|Any CPU
		{5B092CFB-C27B-4670-A778-2934C6E3162A}.Release|Any CPU.ActiveCfg = Release|Any CPU
		{5B092CFB-C27B-4670-A778-2934C6E3162A}.Release|Any CPU.Build.0 = Release|Any CPU
		{F9B0A681-9C7B-430B-840E-3D2B9882DC48}.Debug|Any CPU.ActiveCfg = Debug|Any CPU
		{F9B0A681-9C7B-430B-840E-3D2B9882DC48}.Debug|Any CPU.Build.0 = Debug|Any CPU
		{F9B0A681-9C7B-430B-840E-3D2B9882DC48}.Release|Any CPU.ActiveCfg = Release|Any CPU
		{F9B0A681-9C7B-430B-840E-3D2B9882DC48}.Release|Any CPU.Build.0 = Release|Any CPU
		{514296FA-4083-496F-909E-59275E7EF967}.Debug|Any CPU.ActiveCfg = Debug|Any CPU
		{514296FA-4083-496F-909E-59275E7EF967}.Debug|Any CPU.Build.0 = Debug|Any CPU
		{514296FA-4083-496F-909E-59275E7EF967}.Release|Any CPU.ActiveCfg = Release|Any CPU
		{514296FA-4083-496F-909E-59275E7EF967}.Release|Any CPU.Build.0 = Release|Any CPU
		{B7939BD2-0DD4-49E2-902B-B3DC8F9CFF59}.Debug|Any CPU.ActiveCfg = Debug|Any CPU
		{B7939BD2-0DD4-49E2-902B-B3DC8F9CFF59}.Debug|Any CPU.Build.0 = Debug|Any CPU
		{B7939BD2-0DD4-49E2-902B-B3DC8F9CFF59}.Release|Any CPU.ActiveCfg = Release|Any CPU
		{B7939BD2-0DD4-49E2-902B-B3DC8F9CFF59}.Release|Any CPU.Build.0 = Release|Any CPU
		{27C1BCE1-CA16-417E-A8B0-57408EF854F6}.Debug|Any CPU.ActiveCfg = Debug|Any CPU
		{27C1BCE1-CA16-417E-A8B0-57408EF854F6}.Debug|Any CPU.Build.0 = Debug|Any CPU
		{27C1BCE1-CA16-417E-A8B0-57408EF854F6}.Release|Any CPU.ActiveCfg = Release|Any CPU
		{27C1BCE1-CA16-417E-A8B0-57408EF854F6}.Release|Any CPU.Build.0 = Release|Any CPU
		{FD2FC2E8-32FC-45FF-A052-446C10A731CC}.Debug|Any CPU.ActiveCfg = Debug|Any CPU
		{FD2FC2E8-32FC-45FF-A052-446C10A731CC}.Debug|Any CPU.Build.0 = Debug|Any CPU
		{FD2FC2E8-32FC-45FF-A052-446C10A731CC}.Release|Any CPU.ActiveCfg = Release|Any CPU
		{FD2FC2E8-32FC-45FF-A052-446C10A731CC}.Release|Any CPU.Build.0 = Release|Any CPU
	EndGlobalSection
	GlobalSection(SolutionProperties) = preSolution
		HideSolutionNode = FALSE
	EndGlobalSection
	GlobalSection(ExtensibilityGlobals) = postSolution
		SolutionGuid = {A1BB7F49-BFE9-4F9C-9E72-0E11C6E15FB5}
	EndGlobalSection
EndGlobal
