
Microsoft Visual Studio Solution File, Format Version 12.00
# Visual Studio Version 16
VisualStudioVersion = 16.0.28729.10
MinimumVisualStudioVersion = 10.0.40219.1
Project("{FAE04EC0-301F-11D3-BF4B-00C04F79EFBC}") = "Service", "Service\Service.csproj", "{5B092CFB-C27B-4670-A778-2934C6E3162A}"
EndProject
Project("{FAE04EC0-301F-11D3-BF4B-00C04F79EFBC}") = "Driver", "Driver\Driver.csproj", "{F9B0A681-9C7B-430B-840E-3D2B9882DC48}"
EndProject
Global
	GlobalSection(SolutionConfigurationPlatforms) = preSolution
		Debug|Any CPU = Debug|Any CPU
		Release|Any CPU = Release|Any CPU
	EndGlobalSection
	GlobalSection(ProjectConfigurationPlatforms) = postSolution
		{5B092CFB-C27B-4670-A778-2934C6E3162A}.Debug|Any CPU.ActiveCfg = Debug|Any CPU
		{5B092CFB-C27B-4670-A778-2934C6E3162A}.Debug|Any CPU.Build.0 = Debug|Any CPU
		{5B092CFB-C27B-4670-A778-2934C6E3162A}.Release|Any CPU.ActiveCfg = Release|Any CPU
		{5B092CFB-C27B-4670-A778-2934C6E3162A}.Release|Any CPU.Build.0 = Release|Any CPU
		{F9B0A681-9C7B-430B-840E-3D2B9882DC48}.Debug|Any CPU.ActiveCfg = Debug|Any CPU
		{F9B0A681-9C7B-430B-840E-3D2B9882DC48}.Debug|Any CPU.Build.0 = Debug|Any CPU
		{F9B0A681-9C7B-430B-840E-3D2B9882DC48}.Release|Any CPU.ActiveCfg = Release|Any CPU
		{F9B0A681-9C7B-430B-840E-3D2B9882DC48}.Release|Any CPU.Build.0 = Release|Any CPU
	EndGlobalSection
	GlobalSection(SolutionProperties) = preSolution
		HideSolutionNode = FALSE
	EndGlobalSection
	GlobalSection(ExtensibilityGlobals) = postSolution
		SolutionGuid = {A1BB7F49-BFE9-4F9C-9E72-0E11C6E15FB5}
	EndGlobalSection
EndGlobal
